{
  "version": 4,
  "terraform_version": "1.12.2",
  "serial": 3,
  "lineage": "2005fd55-8e74-c2fd-f061-596caa859329",
  "outputs": {},
  "resources": [
    {
      "mode": "managed",
      "type": "oci_core_instance",
      "name": "Vidbot-Instance",
      "provider": "provider[\"registry.terraform.io/oracle/oci\"]",
      "instances": [
        {
          "schema_version": 0,
          "attributes": {
            "agent_config": [
              {
                "are_all_plugins_disabled": false,
                "is_management_disabled": false,
                "is_monitoring_disabled": false,
                "plugins_config": [
                  {
                    "desired_state": "DISABLED",
                    "name": "Vulnerability Scanning"
                  },
                  {
                    "desired_state": "DISABLED",
                    "name": "Management Agent"
                  },
                  {
                    "desired_state": "ENABLED",
                    "name": "Custom Logs Monitoring"
                  },
                  {
                    "desired_state": "DISABLED",
                    "name": "Compute RDMA GPU Monitoring"
                  },
                  {
                    "desired_state": "ENABLED",
                    "name": "Compute Instance Monitoring"
                  },
                  {
                    "desired_state": "DISABLED",
                    "name": "Compute HPC RDMA Auto-Configuration"
                  },
                  {
                    "desired_state": "DISABLED",
                    "name": "Compute HPC RDMA Authentication"
                  },
                  {
                    "desired_state": "ENABLED",
                    "name": "Cloud Guard Workload Protection"
                  },
                  {
                    "desired_state": "DISABLED",
                    "name": "Block Volume Management"
                  },
                  {
                    "desired_state": "DISABLED",
                    "name": "Bastion"
                  }
                ]
              }
            ],
            "async": null,
            "availability_config": [
              {
                "is_live_migration_preferred": false,
                "recovery_action": "RESTORE_INSTANCE"
              }
            ],
            "availability_domain": "uMxE:AF-JOHANNESBURG-1-AD-1",
            "boot_volume_id": "ocid1.bootvolume.oc1.af-johannesburg-1.abvg4ljruvonsjt23j65fmayrjpak4besu6m3ba54yw3fglseloz7gklzbta",
            "capacity_reservation_id": null,
            "cluster_placement_group_id": null,
            "compartment_id": "ocid1.tenancy.oc1..aaaaaaaap2lw6ehhztvxwgcecglcpaw7wxiluorq7j2xs3uupe6ywbvdfw2a",
            "compute_cluster_id": null,
            "create_vnic_details": [
              {
                "assign_ipv6ip": false,
                "assign_private_dns_record": false,
                "assign_public_ip": "true",
                "defined_tags": {
                  "Oracle-Tags.CreatedBy": "default/donfolayan@gmail.com",
                  "Oracle-Tags.CreatedOn": "2025-06-24T21:51:57.460Z"
                },
                "display_name": "Vidbot-Instance",
                "freeform_tags": {},
                "hostname_label": "vidbot-instance",
                "ipv6address_ipv6subnet_cidr_pair_details": [],
                "nsg_ids": [],
                "private_ip": "10.0.0.236",
                "security_attributes": {},
                "skip_source_dest_check": false,
                "subnet_id": "ocid1.subnet.oc1.af-johannesburg-1.aaaaaaaaf2pw7arkccj433njuv2mrbgxbocbqonhdadlflcp46k3kza3hmgq",
                "vlan_id": ""
              }
            ],
            "dedicated_vm_host_id": null,
            "defined_tags": {
              "Oracle-Tags.CreatedBy": "default/donfolayan@gmail.com",
              "Oracle-Tags.CreatedOn": "2025-06-24T21:51:57.357Z"
            },
            "display_name": "Vidbot-Instance",
            "extended_metadata": {},
            "fault_domain": "FAULT-DOMAIN-2",
            "freeform_tags": {},
            "hostname_label": "vidbot-instance",
            "id": "ocid1.instance.oc1.af-johannesburg-1.anvg4ljrtkf5chich4qgxzc6tfxcmvinvigdev3u2lqojpnk242bitjfmdcq",
            "image": "ocid1.image.oc1.af-johannesburg-1.aaaaaaaasml5ifexrbggbumcab7gtfide4r4s44gk2awi4ql2lbnfts3kvxq",
            "instance_configuration_id": null,
            "instance_options": [
              {
                "are_legacy_imds_endpoints_disabled": false
              }
            ],
            "ipxe_script": null,
            "is_cross_numa_node": false,
            "is_pv_encryption_in_transit_enabled": null,
            "launch_mode": "PARAVIRTUALIZED",
            "launch_options": [
              {
                "boot_volume_type": "PARAVIRTUALIZED",
                "firmware": "UEFI_64",
                "is_consistent_volume_naming_enabled": true,
                "is_pv_encryption_in_transit_enabled": true,
                "network_type": "PARAVIRTUALIZED",
                "remote_data_volume_type": "PARAVIRTUALIZED"
              }
            ],
            "launch_volume_attachments": [],
            "licensing_configs": [],
            "metadata": {
              "ssh_authorized_keys": "ssh-rsa AAAAB3NzaC1yc2EAAAADAQABAAABAQC2HCzcG9AKJz2Vt5q5ydbM5LZQYD3+xOWJaw0oWm6PQwGTyHS3V7H+7DcA6CE0V16s6nPvR1l1WChUAqr1bLUWcjW5rqgggy7+sOiDjqLPwb5wE9Gj5VGfS3VWLrxMmT4iIhVgwY/XXPTHcM4P67aXaFR95850HFtsuKPT8YWFo3vPWJCPmCiDiJf5IErSDtVtgZVha1jFW4IutS/2JHQDXpWJD7KtccBBtKS+5fBFqBLC8g+DU+vyt2eMHKw1v736cNRWu0FLoWHKRxf3rCxbsS7TgPSBGD4eQe1SUx1yV5QEHMcB33HMHmP51b7zlJQaHM9HvT3o1XqiDl0NN/Wl ssh-key-2025-06-24"
            },
            "placement_constraint_details": [],
            "platform_config": [],
            "preemptible_instance_config": [],
            "preserve_boot_volume": null,
            "preserve_data_volumes_created_at_launch": null,
            "private_ip": "10.0.0.236",
            "public_ip": "129.151.174.188",
            "region": "af-johannesburg-1",
            "security_attributes": {},
            "security_attributes_state": "STABLE",
            "shape": "VM.Standard.E2.1.Micro",
            "shape_config": [
              {
                "baseline_ocpu_utilization": "",
                "gpu_description": "",
                "gpus": 0,
                "local_disk_description": "",
                "local_disks": 0,
                "local_disks_total_size_in_gbs": 0,
                "max_vnic_attachments": 1,
                "memory_in_gbs": 1,
                "networking_bandwidth_in_gbps": 0.5,
                "nvmes": 0,
                "ocpus": 1,
                "processor_description": "2.55 GHz AMD EPYC™ 7J13 (Milan)",
                "vcpus": 2
              }
            ],
            "source_details": [
              {
                "boot_volume_size_in_gbs": "47",
                "boot_volume_vpus_per_gb": "10",
                "instance_source_image_filter_details": [],
                "is_preserve_boot_volume_enabled": false,
                "kms_key_id": "",
                "source_id": "ocid1.image.oc1.af-johannesburg-1.aaaaaaaasml5ifexrbggbumcab7gtfide4r4s44gk2awi4ql2lbnfts3kvxq",
                "source_type": "image"
              }
            ],
            "state": "RUNNING",
            "subnet_id": "ocid1.subnet.oc1.af-johannesburg-1.aaaaaaaaf2pw7arkccj433njuv2mrbgxbocbqonhdadlflcp46k3kza3hmgq",
            "system_tags": {
              "orcl-cloud.free-tier-retained": "true"
            },
            "time_created": "2025-06-24 21:51:57.784 +0000 UTC",
            "time_maintenance_reboot_due": "",
            "timeouts": null,
            "update_operation_constraint": null
          },
          "sensitive_attributes": [],
          "identity_schema_version": 0,
          "private": "eyJlMmJmYjczMC1lY2FhLTExZTYtOGY4OC0zNDM2M2JjN2M0YzAiOnsiY3JlYXRlIjoyNzAwMDAwMDAwMDAwLCJkZWxldGUiOjQ1MDAwMDAwMDAwMDAsInVwZGF0ZSI6MjcwMDAwMDAwMDAwMH0sInNjaGVtYV92ZXJzaW9uIjoiMCJ9"
        }
      ]
    },
    {
      "mode": "managed",
      "type": "oci_core_public_ip",
      "name": "vidbot_ip",
      "provider": "provider[\"registry.terraform.io/oracle/oci\"]",
      "instances": [
        {
          "schema_version": 0,
          "attributes": {
            "assigned_entity_id": null,
            "assigned_entity_type": "",
            "availability_domain": null,
            "compartment_id": "ocid1.tenancy.oc1..aaaaaaaap2lw6ehhztvxwgcecglcpaw7wxiluorq7j2xs3uupe6ywbvdfw2a",
            "defined_tags": {
              "Oracle-Tags.CreatedBy": "default/donfolayan@gmail.com",
              "Oracle-Tags.CreatedOn": "2025-06-25T11:14:41.904Z"
            },
            "display_name": "vidbot-reserved-ip",
            "freeform_tags": {},
            "id": "ocid1.publicip.oc1.af-johannesburg-1.amaaaaaatkf5chiaixn2mhs2dsypu2zhler2uymjwxvhcaeyrr7qmmghkitq",
            "ip_address": "129.151.168.59",
            "lifetime": "RESERVED",
            "private_ip_id": null,
            "public_ip_pool_id": null,
            "scope": "REGION",
            "state": "AVAILABLE",
            "time_created": "2025-06-25 11:14:41.976 +0000 UTC",
            "timeouts": null
          },
          "sensitive_attributes": [],
          "identity_schema_version": 0,
          "private": "eyJlMmJmYjczMC1lY2FhLTExZTYtOGY4OC0zNDM2M2JjN2M0YzAiOnsiY3JlYXRlIjoxMjAwMDAwMDAwMDAwLCJkZWxldGUiOjEyMDAwMDAwMDAwMDAsInVwZGF0ZSI6MTIwMDAwMDAwMDAwMH19"
        }
      ]
    }
  ],
  "check_results": null
}
